
Microsoft Visual Studio Solution File, Format Version 12.00
# Visual Studio 2015
Project("{FAE04EC0-301F-11D3-BF4B-00C04F79EFBC}") = "Game Jam 2018.CSharp", "Game Jam 2018.CSharp.csproj", "{488776C8-B213-56C6-AC23-40DDE53273B5}"
EndProject
Global
	GlobalSection(SolutionConfigurationPlatforms) = preSolution
		Debug|Any CPU = Debug|Any CPU
		Release|Any CPU = Release|Any CPU
	EndGlobalSection
	GlobalSection(ProjectConfigurationPlatforms) = postSolution
		{488776C8-B213-56C6-AC23-40DDE53273B5}.Debug|Any CPU.ActiveCfg = Debug|Any CPU
		{488776C8-B213-56C6-AC23-40DDE53273B5}.Debug|Any CPU.Build.0 = Debug|Any CPU
		{488776C8-B213-56C6-AC23-40DDE53273B5}.Release|Any CPU.ActiveCfg = Release|Any CPU
		{488776C8-B213-56C6-AC23-40DDE53273B5}.Release|Any CPU.Build.0 = Release|Any CPU
	EndGlobalSection
	GlobalSection(SolutionProperties) = preSolution
		HideSolutionNode = FALSE
	EndGlobalSection
EndGlobal
